
Microsoft Visual Studio Solution File, Format Version 12.00
# Visual Studio Version 17
VisualStudioVersion = 17.5.33530.505
MinimumVisualStudioVersion = 10.0.40219.1
Project("{FAE04EC0-301F-11D3-BF4B-00C04F79EFBC}") = "SokuLauncher", "SokuLauncher\SokuLauncher.csproj", "{EA274B94-BCC7-4AA4-A57E-370895A0A5E7}"
EndProject
Project("{FAE04EC0-301F-11D3-BF4B-00C04F79EFBC}") = "SokuModManager", "SokuModManager\SokuModManager.csproj", "{9F9B0E07-DEED-4CBA-95AE-8EA402E8DFB6}"
EndProject
Project("{FAE04EC0-301F-11D3-BF4B-00C04F79EFBC}") = "SokuLauncher.Shared", "SokuLauncher.Shared\SokuLauncher.Shared.csproj", "{0A80FFEE-8AD6-4101-B670-33FF336F70D9}"
EndProject
Project("{FAE04EC0-301F-11D3-BF4B-00C04F79EFBC}") = "SokuLauncher.UpdateCenter", "SokuLauncher.UpdateCenter\SokuLauncher.UpdateCenter.csproj", "{D2594D93-643C-47C0-86D7-D16C148F997F}"
EndProject
Global
	GlobalSection(SolutionConfigurationPlatforms) = preSolution
		Debug|Any CPU = Debug|Any CPU
		Release|Any CPU = Release|Any CPU
	EndGlobalSection
	GlobalSection(ProjectConfigurationPlatforms) = postSolution
		{EA274B94-BCC7-4AA4-A57E-370895A0A5E7}.Debug|Any CPU.ActiveCfg = Debug|Any CPU
		{EA274B94-BCC7-4AA4-A57E-370895A0A5E7}.Debug|Any CPU.Build.0 = Debug|Any CPU
		{EA274B94-BCC7-4AA4-A57E-370895A0A5E7}.Release|Any CPU.ActiveCfg = Release|Any CPU
		{EA274B94-BCC7-4AA4-A57E-370895A0A5E7}.Release|Any CPU.Build.0 = Release|Any CPU
		{9F9B0E07-DEED-4CBA-95AE-8EA402E8DFB6}.Debug|Any CPU.ActiveCfg = Debug|Any CPU
		{9F9B0E07-DEED-4CBA-95AE-8EA402E8DFB6}.Debug|Any CPU.Build.0 = Debug|Any CPU
		{9F9B0E07-DEED-4CBA-95AE-8EA402E8DFB6}.Release|Any CPU.ActiveCfg = Release|Any CPU
		{9F9B0E07-DEED-4CBA-95AE-8EA402E8DFB6}.Release|Any CPU.Build.0 = Release|Any CPU
		{0A80FFEE-8AD6-4101-B670-33FF336F70D9}.Debug|Any CPU.ActiveCfg = Debug|Any CPU
		{0A80FFEE-8AD6-4101-B670-33FF336F70D9}.Debug|Any CPU.Build.0 = Debug|Any CPU
		{0A80FFEE-8AD6-4101-B670-33FF336F70D9}.Release|Any CPU.ActiveCfg = Release|Any CPU
		{0A80FFEE-8AD6-4101-B670-33FF336F70D9}.Release|Any CPU.Build.0 = Release|Any CPU
		{D2594D93-643C-47C0-86D7-D16C148F997F}.Debug|Any CPU.ActiveCfg = Debug|Any CPU
		{D2594D93-643C-47C0-86D7-D16C148F997F}.Debug|Any CPU.Build.0 = Debug|Any CPU
		{D2594D93-643C-47C0-86D7-D16C148F997F}.Release|Any CPU.ActiveCfg = Release|Any CPU
		{D2594D93-643C-47C0-86D7-D16C148F997F}.Release|Any CPU.Build.0 = Release|Any CPU
	EndGlobalSection
	GlobalSection(SolutionProperties) = preSolution
		HideSolutionNode = FALSE
	EndGlobalSection
	GlobalSection(ExtensibilityGlobals) = postSolution
		SolutionGuid = {6E081BD5-875D-4A4E-B070-9158908FAB1A}
	EndGlobalSection
EndGlobal
